
Microsoft Visual Studio Solution File, Format Version 12.00
# Visual Studio Version 16
VisualStudioVersion = 16.0.30330.147
MinimumVisualStudioVersion = 10.0.40219.1
Project("{FAE04EC0-301F-11D3-BF4B-00C04F79EFBC}") = "結構陣列", "CSHARP Pratice\結構陣列.csproj", "{A3A74913-B1FE-4AE3-9B9D-4A4106763020}"
EndProject
Project("{FAE04EC0-301F-11D3-BF4B-00C04F79EFBC}") = "抽象介面封裝繼承多型多載", "抽象封裝繼承多型\抽象介面封裝繼承多型多載.csproj", "{3FA1E205-5B04-4A24-AFD1-242878AF330E}"
EndProject
Project("{FAE04EC0-301F-11D3-BF4B-00C04F79EFBC}") = "泛型", "泛型\泛型.csproj", "{CEA056D1-33BA-4252-AF33-4C4E486FF395}"
EndProject
Project("{FAE04EC0-301F-11D3-BF4B-00C04F79EFBC}") = "字串插補", "字串插補\字串插補.csproj", "{96D95610-42CC-4738-9CCE-92154A6A7A9B}"
EndProject
Project("{FAE04EC0-301F-11D3-BF4B-00C04F79EFBC}") = "字典", "字典\字典.csproj", "{B295BB08-A685-44FF-A967-E15F5550C14D}"
EndProject
Project("{FAE04EC0-301F-11D3-BF4B-00C04F79EFBC}") = "遞迴練習", "遞迴練習\遞迴練習.csproj", "{FE9FAF52-E537-4950-AD87-3EE68DE5327F}"
EndProject
Project("{FAE04EC0-301F-11D3-BF4B-00C04F79EFBC}") = "同步非同步", "同步非同步\同步非同步.csproj", "{F11A3878-F5B7-42F6-BBBD-6A628C0EC178}"
EndProject
Project("{FAE04EC0-301F-11D3-BF4B-00C04F79EFBC}") = "DI_IOC_觀念", "DI_IOC_觀念\DI_IOC_觀念.csproj", "{3A35328D-3780-49C8-907B-368ECFA1B1B4}"
EndProject
Global
	GlobalSection(SolutionConfigurationPlatforms) = preSolution
		Debug|Any CPU = Debug|Any CPU
		Release|Any CPU = Release|Any CPU
	EndGlobalSection
	GlobalSection(ProjectConfigurationPlatforms) = postSolution
		{A3A74913-B1FE-4AE3-9B9D-4A4106763020}.Debug|Any CPU.ActiveCfg = Debug|Any CPU
		{A3A74913-B1FE-4AE3-9B9D-4A4106763020}.Debug|Any CPU.Build.0 = Debug|Any CPU
		{A3A74913-B1FE-4AE3-9B9D-4A4106763020}.Release|Any CPU.ActiveCfg = Release|Any CPU
		{A3A74913-B1FE-4AE3-9B9D-4A4106763020}.Release|Any CPU.Build.0 = Release|Any CPU
		{3FA1E205-5B04-4A24-AFD1-242878AF330E}.Debug|Any CPU.ActiveCfg = Debug|Any CPU
		{3FA1E205-5B04-4A24-AFD1-242878AF330E}.Debug|Any CPU.Build.0 = Debug|Any CPU
		{3FA1E205-5B04-4A24-AFD1-242878AF330E}.Release|Any CPU.ActiveCfg = Release|Any CPU
		{3FA1E205-5B04-4A24-AFD1-242878AF330E}.Release|Any CPU.Build.0 = Release|Any CPU
		{CEA056D1-33BA-4252-AF33-4C4E486FF395}.Debug|Any CPU.ActiveCfg = Debug|Any CPU
		{CEA056D1-33BA-4252-AF33-4C4E486FF395}.Debug|Any CPU.Build.0 = Debug|Any CPU
		{CEA056D1-33BA-4252-AF33-4C4E486FF395}.Release|Any CPU.ActiveCfg = Release|Any CPU
		{CEA056D1-33BA-4252-AF33-4C4E486FF395}.Release|Any CPU.Build.0 = Release|Any CPU
		{96D95610-42CC-4738-9CCE-92154A6A7A9B}.Debug|Any CPU.ActiveCfg = Debug|Any CPU
		{96D95610-42CC-4738-9CCE-92154A6A7A9B}.Debug|Any CPU.Build.0 = Debug|Any CPU
		{96D95610-42CC-4738-9CCE-92154A6A7A9B}.Release|Any CPU.ActiveCfg = Release|Any CPU
		{96D95610-42CC-4738-9CCE-92154A6A7A9B}.Release|Any CPU.Build.0 = Release|Any CPU
		{B295BB08-A685-44FF-A967-E15F5550C14D}.Debug|Any CPU.ActiveCfg = Debug|Any CPU
		{B295BB08-A685-44FF-A967-E15F5550C14D}.Debug|Any CPU.Build.0 = Debug|Any CPU
		{B295BB08-A685-44FF-A967-E15F5550C14D}.Release|Any CPU.ActiveCfg = Release|Any CPU
		{B295BB08-A685-44FF-A967-E15F5550C14D}.Release|Any CPU.Build.0 = Release|Any CPU
		{FE9FAF52-E537-4950-AD87-3EE68DE5327F}.Debug|Any CPU.ActiveCfg = Debug|Any CPU
		{FE9FAF52-E537-4950-AD87-3EE68DE5327F}.Debug|Any CPU.Build.0 = Debug|Any CPU
		{FE9FAF52-E537-4950-AD87-3EE68DE5327F}.Release|Any CPU.ActiveCfg = Release|Any CPU
		{FE9FAF52-E537-4950-AD87-3EE68DE5327F}.Release|Any CPU.Build.0 = Release|Any CPU
		{F11A3878-F5B7-42F6-BBBD-6A628C0EC178}.Debug|Any CPU.ActiveCfg = Debug|Any CPU
		{F11A3878-F5B7-42F6-BBBD-6A628C0EC178}.Debug|Any CPU.Build.0 = Debug|Any CPU
		{F11A3878-F5B7-42F6-BBBD-6A628C0EC178}.Release|Any CPU.ActiveCfg = Release|Any CPU
		{F11A3878-F5B7-42F6-BBBD-6A628C0EC178}.Release|Any CPU.Build.0 = Release|Any CPU
		{3A35328D-3780-49C8-907B-368ECFA1B1B4}.Debug|Any CPU.ActiveCfg = Debug|Any CPU
		{3A35328D-3780-49C8-907B-368ECFA1B1B4}.Debug|Any CPU.Build.0 = Debug|Any CPU
		{3A35328D-3780-49C8-907B-368ECFA1B1B4}.Release|Any CPU.ActiveCfg = Release|Any CPU
		{3A35328D-3780-49C8-907B-368ECFA1B1B4}.Release|Any CPU.Build.0 = Release|Any CPU
	EndGlobalSection
	GlobalSection(SolutionProperties) = preSolution
		HideSolutionNode = FALSE
	EndGlobalSection
	GlobalSection(ExtensibilityGlobals) = postSolution
		SolutionGuid = {8BB94A69-3CE4-41E1-A899-96278A0A96F5}
	EndGlobalSection
EndGlobal
